
Microsoft Visual Studio Solution File, Format Version 12.00
# Visual Studio Version 17
VisualStudioVersion = 17.5.33627.172
MinimumVisualStudioVersion = 10.0.40219.1
Project("{9A19103F-16F7-4668-BE54-9A1E7A4F7556}") = "Catalog.API", "Catalog.API\Catalog.API.csproj", "{437E730B-6CEF-4C48-9082-05EDE49222CE}"
EndProject
Project("{E53339B2-1760-4266-BCC7-CA923CBCF16C}") = "docker-compose", "docker-compose.dcproj", "{661153C3-00C1-4FD1-BE65-3C5582FAB530}"
EndProject
Project("{FAE04EC0-301F-11D3-BF4B-00C04F79EFBC}") = "Basket.API", "Basket.API\Basket.API.csproj", "{03E3E9CF-26A0-4E75-9279-46D17D03AA9D}"
EndProject
Global
	GlobalSection(SolutionConfigurationPlatforms) = preSolution
		Debug|Any CPU = Debug|Any CPU
		Release|Any CPU = Release|Any CPU
	EndGlobalSection
	GlobalSection(ProjectConfigurationPlatforms) = postSolution
		{437E730B-6CEF-4C48-9082-05EDE49222CE}.Debug|Any CPU.ActiveCfg = Debug|Any CPU
		{437E730B-6CEF-4C48-9082-05EDE49222CE}.Debug|Any CPU.Build.0 = Debug|Any CPU
		{437E730B-6CEF-4C48-9082-05EDE49222CE}.Release|Any CPU.ActiveCfg = Release|Any CPU
		{437E730B-6CEF-4C48-9082-05EDE49222CE}.Release|Any CPU.Build.0 = Release|Any CPU
		{661153C3-00C1-4FD1-BE65-3C5582FAB530}.Debug|Any CPU.ActiveCfg = Debug|Any CPU
		{661153C3-00C1-4FD1-BE65-3C5582FAB530}.Debug|Any CPU.Build.0 = Debug|Any CPU
		{661153C3-00C1-4FD1-BE65-3C5582FAB530}.Release|Any CPU.ActiveCfg = Release|Any CPU
		{661153C3-00C1-4FD1-BE65-3C5582FAB530}.Release|Any CPU.Build.0 = Release|Any CPU
		{03E3E9CF-26A0-4E75-9279-46D17D03AA9D}.Debug|Any CPU.ActiveCfg = Debug|Any CPU
		{03E3E9CF-26A0-4E75-9279-46D17D03AA9D}.Debug|Any CPU.Build.0 = Debug|Any CPU
		{03E3E9CF-26A0-4E75-9279-46D17D03AA9D}.Release|Any CPU.ActiveCfg = Release|Any CPU
		{03E3E9CF-26A0-4E75-9279-46D17D03AA9D}.Release|Any CPU.Build.0 = Release|Any CPU
	EndGlobalSection
	GlobalSection(SolutionProperties) = preSolution
		HideSolutionNode = FALSE
	EndGlobalSection
	GlobalSection(ExtensibilityGlobals) = postSolution
		SolutionGuid = {ABCE84AC-0E9C-4E7B-A025-6720B830AAEA}
	EndGlobalSection
EndGlobal
